// !$*UTF8*$!
{
	archiveVersion = 1;
	classes = {
	};
	objectVersion = 56;
	objects = {

/* Begin PBXBuildFile section */
		CE39C1BD2961BBA600B551AF /* AppDelegate.swift in Sources */ = {isa = PBXBuildFile; fileRef = CE39C1BC2961BBA600B551AF /* AppDelegate.swift */; };
		CE39C1BF2961BBA600B551AF /* SceneDelegate.swift in Sources */ = {isa = PBXBuildFile; fileRef = CE39C1BE2961BBA600B551AF /* SceneDelegate.swift */; };
		CE39C1C12961BBA600B551AF /* RMTabBarController.swift in Sources */ = {isa = PBXBuildFile; fileRef = CE39C1C02961BBA600B551AF /* RMTabBarController.swift */; };
		CE39C1C62961BBA800B551AF /* Assets.xcassets in Resources */ = {isa = PBXBuildFile; fileRef = CE39C1C52961BBA800B551AF /* Assets.xcassets */; };
		CE39C1C92961BBA800B551AF /* LaunchScreen.storyboard in Resources */ = {isa = PBXBuildFile; fileRef = CE39C1C72961BBA800B551AF /* LaunchScreen.storyboard */; };
		CE39C1D82961BF9000B551AF /* RMLocation.swift in Sources */ = {isa = PBXBuildFile; fileRef = CE39C1D72961BF9000B551AF /* RMLocation.swift */; };
		CE39C1DA2961BF9F00B551AF /* RMCharacter.swift in Sources */ = {isa = PBXBuildFile; fileRef = CE39C1D92961BF9F00B551AF /* RMCharacter.swift */; };
		CE39C1DC2961BFAD00B551AF /* RMEpisode.swift in Sources */ = {isa = PBXBuildFile; fileRef = CE39C1DB2961BFAD00B551AF /* RMEpisode.swift */; };
		CE39C1DF2961C0A000B551AF /* RMLocationViewController.swift in Sources */ = {isa = PBXBuildFile; fileRef = CE39C1DE2961C0A000B551AF /* RMLocationViewController.swift */; };
		CE39C1E12961C0B500B551AF /* RMCharacterViewController.swift in Sources */ = {isa = PBXBuildFile; fileRef = CE39C1E02961C0B500B551AF /* RMCharacterViewController.swift */; };
		CE39C1E32961C0CA00B551AF /* RMEpisodeViewController.swift in Sources */ = {isa = PBXBuildFile; fileRef = CE39C1E22961C0CA00B551AF /* RMEpisodeViewController.swift */; };
		CE39C1E52961C0D800B551AF /* RMSettingsViewController.swift in Sources */ = {isa = PBXBuildFile; fileRef = CE39C1E42961C0D800B551AF /* RMSettingsViewController.swift */; };
		CE39C20F2962D1A700B551AF /* RMService.swift in Sources */ = {isa = PBXBuildFile; fileRef = CE39C20E2962D1A700B551AF /* RMService.swift */; };
		CE39C2112962D1C700B551AF /* RMRequest.swift in Sources */ = {isa = PBXBuildFile; fileRef = CE39C2102962D1C700B551AF /* RMRequest.swift */; };
		CE39C2132962D27100B551AF /* RMEndpoint.swift in Sources */ = {isa = PBXBuildFile; fileRef = CE39C2122962D27100B551AF /* RMEndpoint.swift */; };
		CE39C2152962EF0800B551AF /* RMOrigin.swift in Sources */ = {isa = PBXBuildFile; fileRef = CE39C2142962EF0800B551AF /* RMOrigin.swift */; };
		CE39C2172962EF8000B551AF /* RMSingleLocation.swift in Sources */ = {isa = PBXBuildFile; fileRef = CE39C2162962EF8000B551AF /* RMSingleLocation.swift */; };
		CE39C2192962F0A200B551AF /* RMCharacterStatus.swift in Sources */ = {isa = PBXBuildFile; fileRef = CE39C2182962F0A200B551AF /* RMCharacterStatus.swift */; };
		CE39C21B2962F12F00B551AF /* RMCharacterGender.swift in Sources */ = {isa = PBXBuildFile; fileRef = CE39C21A2962F12F00B551AF /* RMCharacterGender.swift */; };
		CE39C21F296430C900B551AF /* RMGetAllCharactersResponse.swift in Sources */ = {isa = PBXBuildFile; fileRef = CE39C21E296430C900B551AF /* RMGetAllCharactersResponse.swift */; };
		CE39C2212964344600B551AF /* RMCharacterListViewViewModel.swift in Sources */ = {isa = PBXBuildFile; fileRef = CE39C2202964344600B551AF /* RMCharacterListViewViewModel.swift */; };
		CE39C2232964353200B551AF /* RMCharacterListView.swift in Sources */ = {isa = PBXBuildFile; fileRef = CE39C2222964353200B551AF /* RMCharacterListView.swift */; };
		CE39C22529643AA500B551AF /* Extensions.swift in Sources */ = {isa = PBXBuildFile; fileRef = CE39C22429643AA500B551AF /* Extensions.swift */; };
		CE39C2272965961E00B551AF /* RMCharacterCollectionViewCell.swift in Sources */ = {isa = PBXBuildFile; fileRef = CE39C2262965961E00B551AF /* RMCharacterCollectionViewCell.swift */; };
		CE39C2292965980300B551AF /* RMCharacterCollectionViewCellViewModel.swift in Sources */ = {isa = PBXBuildFile; fileRef = CE39C2282965980300B551AF /* RMCharacterCollectionViewCellViewModel.swift */; };
/* End PBXBuildFile section */

/* Begin PBXFileReference section */
		CE39C1B92961BBA600B551AF /* RickAndMorty.app */ = {isa = PBXFileReference; explicitFileType = wrapper.application; includeInIndex = 0; path = RickAndMorty.app; sourceTree = BUILT_PRODUCTS_DIR; };
		CE39C1BC2961BBA600B551AF /* AppDelegate.swift */ = {isa = PBXFileReference; lastKnownFileType = sourcecode.swift; path = AppDelegate.swift; sourceTree = "<group>"; };
		CE39C1BE2961BBA600B551AF /* SceneDelegate.swift */ = {isa = PBXFileReference; lastKnownFileType = sourcecode.swift; path = SceneDelegate.swift; sourceTree = "<group>"; };
		CE39C1C02961BBA600B551AF /* RMTabBarController.swift */ = {isa = PBXFileReference; lastKnownFileType = sourcecode.swift; path = RMTabBarController.swift; sourceTree = "<group>"; };
		CE39C1C52961BBA800B551AF /* Assets.xcassets */ = {isa = PBXFileReference; lastKnownFileType = folder.assetcatalog; path = Assets.xcassets; sourceTree = "<group>"; };
		CE39C1C82961BBA800B551AF /* Base */ = {isa = PBXFileReference; lastKnownFileType = file.storyboard; name = Base; path = Base.lproj/LaunchScreen.storyboard; sourceTree = "<group>"; };
		CE39C1CA2961BBA800B551AF /* Info.plist */ = {isa = PBXFileReference; lastKnownFileType = text.plist.xml; path = Info.plist; sourceTree = "<group>"; };
		CE39C1D72961BF9000B551AF /* RMLocation.swift */ = {isa = PBXFileReference; lastKnownFileType = sourcecode.swift; path = RMLocation.swift; sourceTree = "<group>"; };
		CE39C1D92961BF9F00B551AF /* RMCharacter.swift */ = {isa = PBXFileReference; lastKnownFileType = sourcecode.swift; path = RMCharacter.swift; sourceTree = "<group>"; };
		CE39C1DB2961BFAD00B551AF /* RMEpisode.swift */ = {isa = PBXFileReference; lastKnownFileType = sourcecode.swift; path = RMEpisode.swift; sourceTree = "<group>"; };
		CE39C1DE2961C0A000B551AF /* RMLocationViewController.swift */ = {isa = PBXFileReference; lastKnownFileType = sourcecode.swift; path = RMLocationViewController.swift; sourceTree = "<group>"; };
		CE39C1E02961C0B500B551AF /* RMCharacterViewController.swift */ = {isa = PBXFileReference; lastKnownFileType = sourcecode.swift; path = RMCharacterViewController.swift; sourceTree = "<group>"; };
		CE39C1E22961C0CA00B551AF /* RMEpisodeViewController.swift */ = {isa = PBXFileReference; lastKnownFileType = sourcecode.swift; path = RMEpisodeViewController.swift; sourceTree = "<group>"; };
		CE39C1E42961C0D800B551AF /* RMSettingsViewController.swift */ = {isa = PBXFileReference; lastKnownFileType = sourcecode.swift; path = RMSettingsViewController.swift; sourceTree = "<group>"; };
		CE39C20E2962D1A700B551AF /* RMService.swift */ = {isa = PBXFileReference; lastKnownFileType = sourcecode.swift; path = RMService.swift; sourceTree = "<group>"; };
		CE39C2102962D1C700B551AF /* RMRequest.swift */ = {isa = PBXFileReference; lastKnownFileType = sourcecode.swift; path = RMRequest.swift; sourceTree = "<group>"; };
		CE39C2122962D27100B551AF /* RMEndpoint.swift */ = {isa = PBXFileReference; lastKnownFileType = sourcecode.swift; path = RMEndpoint.swift; sourceTree = "<group>"; };
		CE39C2142962EF0800B551AF /* RMOrigin.swift */ = {isa = PBXFileReference; lastKnownFileType = sourcecode.swift; path = RMOrigin.swift; sourceTree = "<group>"; };
		CE39C2162962EF8000B551AF /* RMSingleLocation.swift */ = {isa = PBXFileReference; lastKnownFileType = sourcecode.swift; path = RMSingleLocation.swift; sourceTree = "<group>"; };
		CE39C2182962F0A200B551AF /* RMCharacterStatus.swift */ = {isa = PBXFileReference; lastKnownFileType = sourcecode.swift; path = RMCharacterStatus.swift; sourceTree = "<group>"; };
		CE39C21A2962F12F00B551AF /* RMCharacterGender.swift */ = {isa = PBXFileReference; lastKnownFileType = sourcecode.swift; path = RMCharacterGender.swift; sourceTree = "<group>"; };
		CE39C21E296430C900B551AF /* RMGetAllCharactersResponse.swift */ = {isa = PBXFileReference; lastKnownFileType = sourcecode.swift; path = RMGetAllCharactersResponse.swift; sourceTree = "<group>"; };
		CE39C2202964344600B551AF /* RMCharacterListViewViewModel.swift */ = {isa = PBXFileReference; lastKnownFileType = sourcecode.swift; path = RMCharacterListViewViewModel.swift; sourceTree = "<group>"; };
		CE39C2222964353200B551AF /* RMCharacterListView.swift */ = {isa = PBXFileReference; lastKnownFileType = sourcecode.swift; path = RMCharacterListView.swift; sourceTree = "<group>"; };
		CE39C22429643AA500B551AF /* Extensions.swift */ = {isa = PBXFileReference; lastKnownFileType = sourcecode.swift; path = Extensions.swift; sourceTree = "<group>"; };
		CE39C2262965961E00B551AF /* RMCharacterCollectionViewCell.swift */ = {isa = PBXFileReference; lastKnownFileType = sourcecode.swift; path = RMCharacterCollectionViewCell.swift; sourceTree = "<group>"; };
		CE39C2282965980300B551AF /* RMCharacterCollectionViewCellViewModel.swift */ = {isa = PBXFileReference; lastKnownFileType = sourcecode.swift; path = RMCharacterCollectionViewCellViewModel.swift; sourceTree = "<group>"; };
/* End PBXFileReference section */

/* Begin PBXFrameworksBuildPhase section */
		CE39C1B62961BBA600B551AF /* Frameworks */ = {
			isa = PBXFrameworksBuildPhase;
			buildActionMask = 2147483647;
			files = (
			);
			runOnlyForDeploymentPostprocessing = 0;
		};
/* End PBXFrameworksBuildPhase section */

/* Begin PBXGroup section */
		CE39C1B02961BBA600B551AF = {
			isa = PBXGroup;
			children = (
				CE39C1BB2961BBA600B551AF /* RickAndMorty */,
				CE39C1BA2961BBA600B551AF /* Products */,
			);
			sourceTree = "<group>";
		};
		CE39C1BA2961BBA600B551AF /* Products */ = {
			isa = PBXGroup;
			children = (
				CE39C1B92961BBA600B551AF /* RickAndMorty.app */,
			);
			name = Products;
			sourceTree = "<group>";
		};
		CE39C1BB2961BBA600B551AF /* RickAndMorty */ = {
			isa = PBXGroup;
			children = (
				CE39C1D62961BECB00B551AF /* Resources */,
				CE39C1D52961BEC200B551AF /* Managers */,
				CE39C1D42961BEB700B551AF /* APIClient */,
				CE39C1D32961BEAA00B551AF /* ViewModels */,
				CE39C1D22961BEA200B551AF /* Views */,
				CE39C1D12961BE9900B551AF /* Models */,
				CE39C1D02961BE8B00B551AF /* Controllers */,
				CE39C1CA2961BBA800B551AF /* Info.plist */,
			);
			path = RickAndMorty;
			sourceTree = "<group>";
		};
		CE39C1D02961BE8B00B551AF /* Controllers */ = {
			isa = PBXGroup;
			children = (
				CE39C1DD2961C04300B551AF /* Core */,
			);
			path = Controllers;
			sourceTree = "<group>";
		};
		CE39C1D12961BE9900B551AF /* Models */ = {
			isa = PBXGroup;
			children = (
				CE39C21D2964309800B551AF /* APIResponseTypes */,
				CE39C21C2964306400B551AF /* DataTypes */,
			);
			path = Models;
			sourceTree = "<group>";
		};
		CE39C1D22961BEA200B551AF /* Views */ = {
			isa = PBXGroup;
			children = (
				CE39C2222964353200B551AF /* RMCharacterListView.swift */,
				CE39C2262965961E00B551AF /* RMCharacterCollectionViewCell.swift */,
			);
			path = Views;
			sourceTree = "<group>";
		};
		CE39C1D32961BEAA00B551AF /* ViewModels */ = {
			isa = PBXGroup;
			children = (
				CE39C2202964344600B551AF /* RMCharacterListViewViewModel.swift */,
				CE39C2282965980300B551AF /* RMCharacterCollectionViewCellViewModel.swift */,
			);
			path = ViewModels;
			sourceTree = "<group>";
		};
		CE39C1D42961BEB700B551AF /* APIClient */ = {
			isa = PBXGroup;
			children = (
				CE39C20E2962D1A700B551AF /* RMService.swift */,
				CE39C2102962D1C700B551AF /* RMRequest.swift */,
				CE39C2122962D27100B551AF /* RMEndpoint.swift */,
			);
			path = APIClient;
			sourceTree = "<group>";
		};
		CE39C1D52961BEC200B551AF /* Managers */ = {
			isa = PBXGroup;
			children = (
			);
			path = Managers;
			sourceTree = "<group>";
		};
		CE39C1D62961BECB00B551AF /* Resources */ = {
			isa = PBXGroup;
			children = (
				CE39C1C52961BBA800B551AF /* Assets.xcassets */,
				CE39C1C72961BBA800B551AF /* LaunchScreen.storyboard */,
				CE39C1BC2961BBA600B551AF /* AppDelegate.swift */,
				CE39C1BE2961BBA600B551AF /* SceneDelegate.swift */,
				CE39C22429643AA500B551AF /* Extensions.swift */,
			);
			path = Resources;
			sourceTree = "<group>";
		};
		CE39C1DD2961C04300B551AF /* Core */ = {
			isa = PBXGroup;
			children = (
				CE39C1C02961BBA600B551AF /* RMTabBarController.swift */,
				CE39C1DE2961C0A000B551AF /* RMLocationViewController.swift */,
				CE39C1E02961C0B500B551AF /* RMCharacterViewController.swift */,
				CE39C1E22961C0CA00B551AF /* RMEpisodeViewController.swift */,
				CE39C1E42961C0D800B551AF /* RMSettingsViewController.swift */,
			);
			path = Core;
			sourceTree = "<group>";
		};
		CE39C21C2964306400B551AF /* DataTypes */ = {
			isa = PBXGroup;
			children = (
				CE39C1D72961BF9000B551AF /* RMLocation.swift */,
				CE39C1D92961BF9F00B551AF /* RMCharacter.swift */,
				CE39C1DB2961BFAD00B551AF /* RMEpisode.swift */,
				CE39C2142962EF0800B551AF /* RMOrigin.swift */,
				CE39C2162962EF8000B551AF /* RMSingleLocation.swift */,
				CE39C2182962F0A200B551AF /* RMCharacterStatus.swift */,
				CE39C21A2962F12F00B551AF /* RMCharacterGender.swift */,
			);
			path = DataTypes;
			sourceTree = "<group>";
		};
		CE39C21D2964309800B551AF /* APIResponseTypes */ = {
			isa = PBXGroup;
			children = (
				CE39C21E296430C900B551AF /* RMGetAllCharactersResponse.swift */,
			);
			path = APIResponseTypes;
			sourceTree = "<group>";
		};
/* End PBXGroup section */

/* Begin PBXNativeTarget section */
		CE39C1B82961BBA600B551AF /* RickAndMorty */ = {
			isa = PBXNativeTarget;
			buildConfigurationList = CE39C1CD2961BBA800B551AF /* Build configuration list for PBXNativeTarget "RickAndMorty" */;
			buildPhases = (
				CE39C1B52961BBA600B551AF /* Sources */,
				CE39C1B62961BBA600B551AF /* Frameworks */,
				CE39C1B72961BBA600B551AF /* Resources */,
			);
			buildRules = (
			);
			dependencies = (
			);
			name = RickAndMorty;
			productName = RickAndMorty;
			productReference = CE39C1B92961BBA600B551AF /* RickAndMorty.app */;
			productType = "com.apple.product-type.application";
		};
/* End PBXNativeTarget section */

/* Begin PBXProject section */
		CE39C1B12961BBA600B551AF /* Project object */ = {
			isa = PBXProject;
			attributes = {
				BuildIndependentTargetsInParallel = 1;
				LastSwiftUpdateCheck = 1400;
				LastUpgradeCheck = 1400;
				TargetAttributes = {
					CE39C1B82961BBA600B551AF = {
						CreatedOnToolsVersion = 14.0;
					};
				};
			};
			buildConfigurationList = CE39C1B42961BBA600B551AF /* Build configuration list for PBXProject "RickAndMorty" */;
			compatibilityVersion = "Xcode 14.0";
			developmentRegion = en;
			hasScannedForEncodings = 0;
			knownRegions = (
				en,
				Base,
			);
			mainGroup = CE39C1B02961BBA600B551AF;
			productRefGroup = CE39C1BA2961BBA600B551AF /* Products */;
			projectDirPath = "";
			projectRoot = "";
			targets = (
				CE39C1B82961BBA600B551AF /* RickAndMorty */,
			);
		};
/* End PBXProject section */

/* Begin PBXResourcesBuildPhase section */
		CE39C1B72961BBA600B551AF /* Resources */ = {
			isa = PBXResourcesBuildPhase;
			buildActionMask = 2147483647;
			files = (
				CE39C1C92961BBA800B551AF /* LaunchScreen.storyboard in Resources */,
				CE39C1C62961BBA800B551AF /* Assets.xcassets in Resources */,
			);
			runOnlyForDeploymentPostprocessing = 0;
		};
/* End PBXResourcesBuildPhase section */

/* Begin PBXSourcesBuildPhase section */
		CE39C1B52961BBA600B551AF /* Sources */ = {
			isa = PBXSourcesBuildPhase;
			buildActionMask = 2147483647;
			files = (
				CE39C2152962EF0800B551AF /* RMOrigin.swift in Sources */,
				CE39C2172962EF8000B551AF /* RMSingleLocation.swift in Sources */,
				CE39C2232964353200B551AF /* RMCharacterListView.swift in Sources */,
				CE39C21F296430C900B551AF /* RMGetAllCharactersResponse.swift in Sources */,
				CE39C2192962F0A200B551AF /* RMCharacterStatus.swift in Sources */,
				CE39C21B2962F12F00B551AF /* RMCharacterGender.swift in Sources */,
				CE39C1DC2961BFAD00B551AF /* RMEpisode.swift in Sources */,
				CE39C1C12961BBA600B551AF /* RMTabBarController.swift in Sources */,
				CE39C1DF2961C0A000B551AF /* RMLocationViewController.swift in Sources */,
				CE39C2272965961E00B551AF /* RMCharacterCollectionViewCell.swift in Sources */,
				CE39C1E32961C0CA00B551AF /* RMEpisodeViewController.swift in Sources */,
				CE39C1BD2961BBA600B551AF /* AppDelegate.swift in Sources */,
				CE39C1BF2961BBA600B551AF /* SceneDelegate.swift in Sources */,
				CE39C1E52961C0D800B551AF /* RMSettingsViewController.swift in Sources */,
				CE39C22529643AA500B551AF /* Extensions.swift in Sources */,
				CE39C20F2962D1A700B551AF /* RMService.swift in Sources */,
				CE39C1E12961C0B500B551AF /* RMCharacterViewController.swift in Sources */,
				CE39C2132962D27100B551AF /* RMEndpoint.swift in Sources */,
				CE39C1D82961BF9000B551AF /* RMLocation.swift in Sources */,
				CE39C2292965980300B551AF /* RMCharacterCollectionViewCellViewModel.swift in Sources */,
				CE39C2112962D1C700B551AF /* RMRequest.swift in Sources */,
				CE39C2212964344600B551AF /* RMCharacterListViewViewModel.swift in Sources */,
				CE39C1DA2961BF9F00B551AF /* RMCharacter.swift in Sources */,
			);
			runOnlyForDeploymentPostprocessing = 0;
		};
/* End PBXSourcesBuildPhase section */

/* Begin PBXVariantGroup section */
		CE39C1C72961BBA800B551AF /* LaunchScreen.storyboard */ = {
			isa = PBXVariantGroup;
			children = (
				CE39C1C82961BBA800B551AF /* Base */,
			);
			name = LaunchScreen.storyboard;
			sourceTree = "<group>";
		};
/* End PBXVariantGroup section */

/* Begin XCBuildConfiguration section */
		CE39C1CB2961BBA800B551AF /* Debug */ = {
			isa = XCBuildConfiguration;
			buildSettings = {
				ALWAYS_SEARCH_USER_PATHS = NO;
				CLANG_ANALYZER_NONNULL = YES;
				CLANG_ANALYZER_NUMBER_OBJECT_CONVERSION = YES_AGGRESSIVE;
				CLANG_CXX_LANGUAGE_STANDARD = "gnu++20";
				CLANG_ENABLE_MODULES = YES;
				CLANG_ENABLE_OBJC_ARC = YES;
				CLANG_ENABLE_OBJC_WEAK = YES;
				CLANG_WARN_BLOCK_CAPTURE_AUTORELEASING = YES;
				CLANG_WARN_BOOL_CONVERSION = YES;
				CLANG_WARN_COMMA = YES;
				CLANG_WARN_CONSTANT_CONVERSION = YES;
				CLANG_WARN_DEPRECATED_OBJC_IMPLEMENTATIONS = YES;
				CLANG_WARN_DIRECT_OBJC_ISA_USAGE = YES_ERROR;
				CLANG_WARN_DOCUMENTATION_COMMENTS = YES;
				CLANG_WARN_EMPTY_BODY = YES;
				CLANG_WARN_ENUM_CONVERSION = YES;
				CLANG_WARN_INFINITE_RECURSION = YES;
				CLANG_WARN_INT_CONVERSION = YES;
				CLANG_WARN_NON_LITERAL_NULL_CONVERSION = YES;
				CLANG_WARN_OBJC_IMPLICIT_RETAIN_SELF = YES;
				CLANG_WARN_OBJC_LITERAL_CONVERSION = YES;
				CLANG_WARN_OBJC_ROOT_CLASS = YES_ERROR;
				CLANG_WARN_QUOTED_INCLUDE_IN_FRAMEWORK_HEADER = YES;
				CLANG_WARN_RANGE_LOOP_ANALYSIS = YES;
				CLANG_WARN_STRICT_PROTOTYPES = YES;
				CLANG_WARN_SUSPICIOUS_MOVE = YES;
				CLANG_WARN_UNGUARDED_AVAILABILITY = YES_AGGRESSIVE;
				CLANG_WARN_UNREACHABLE_CODE = YES;
				CLANG_WARN__DUPLICATE_METHOD_MATCH = YES;
				COPY_PHASE_STRIP = NO;
				DEBUG_INFORMATION_FORMAT = dwarf;
				ENABLE_STRICT_OBJC_MSGSEND = YES;
				ENABLE_TESTABILITY = YES;
				GCC_C_LANGUAGE_STANDARD = gnu11;
				GCC_DYNAMIC_NO_PIC = NO;
				GCC_NO_COMMON_BLOCKS = YES;
				GCC_OPTIMIZATION_LEVEL = 0;
				GCC_PREPROCESSOR_DEFINITIONS = (
					"DEBUG=1",
					"$(inherited)",
				);
				GCC_WARN_64_TO_32_BIT_CONVERSION = YES;
				GCC_WARN_ABOUT_RETURN_TYPE = YES_ERROR;
				GCC_WARN_UNDECLARED_SELECTOR = YES;
				GCC_WARN_UNINITIALIZED_AUTOS = YES_AGGRESSIVE;
				GCC_WARN_UNUSED_FUNCTION = YES;
				GCC_WARN_UNUSED_VARIABLE = YES;
				IPHONEOS_DEPLOYMENT_TARGET = 16.0;
				MTL_ENABLE_DEBUG_INFO = INCLUDE_SOURCE;
				MTL_FAST_MATH = YES;
				ONLY_ACTIVE_ARCH = YES;
				SDKROOT = iphoneos;
				SWIFT_ACTIVE_COMPILATION_CONDITIONS = DEBUG;
				SWIFT_OPTIMIZATION_LEVEL = "-Onone";
			};
			name = Debug;
		};
		CE39C1CC2961BBA800B551AF /* Release */ = {
			isa = XCBuildConfiguration;
			buildSettings = {
				ALWAYS_SEARCH_USER_PATHS = NO;
				CLANG_ANALYZER_NONNULL = YES;
				CLANG_ANALYZER_NUMBER_OBJECT_CONVERSION = YES_AGGRESSIVE;
				CLANG_CXX_LANGUAGE_STANDARD = "gnu++20";
				CLANG_ENABLE_MODULES = YES;
				CLANG_ENABLE_OBJC_ARC = YES;
				CLANG_ENABLE_OBJC_WEAK = YES;
				CLANG_WARN_BLOCK_CAPTURE_AUTORELEASING = YES;
				CLANG_WARN_BOOL_CONVERSION = YES;
				CLANG_WARN_COMMA = YES;
				CLANG_WARN_CONSTANT_CONVERSION = YES;
				CLANG_WARN_DEPRECATED_OBJC_IMPLEMENTATIONS = YES;
				CLANG_WARN_DIRECT_OBJC_ISA_USAGE = YES_ERROR;
				CLANG_WARN_DOCUMENTATION_COMMENTS = YES;
				CLANG_WARN_EMPTY_BODY = YES;
				CLANG_WARN_ENUM_CONVERSION = YES;
				CLANG_WARN_INFINITE_RECURSION = YES;
				CLANG_WARN_INT_CONVERSION = YES;
				CLANG_WARN_NON_LITERAL_NULL_CONVERSION = YES;
				CLANG_WARN_OBJC_IMPLICIT_RETAIN_SELF = YES;
				CLANG_WARN_OBJC_LITERAL_CONVERSION = YES;
				CLANG_WARN_OBJC_ROOT_CLASS = YES_ERROR;
				CLANG_WARN_QUOTED_INCLUDE_IN_FRAMEWORK_HEADER = YES;
				CLANG_WARN_RANGE_LOOP_ANALYSIS = YES;
				CLANG_WARN_STRICT_PROTOTYPES = YES;
				CLANG_WARN_SUSPICIOUS_MOVE = YES;
				CLANG_WARN_UNGUARDED_AVAILABILITY = YES_AGGRESSIVE;
				CLANG_WARN_UNREACHABLE_CODE = YES;
				CLANG_WARN__DUPLICATE_METHOD_MATCH = YES;
				COPY_PHASE_STRIP = NO;
				DEBUG_INFORMATION_FORMAT = "dwarf-with-dsym";
				ENABLE_NS_ASSERTIONS = NO;
				ENABLE_STRICT_OBJC_MSGSEND = YES;
				GCC_C_LANGUAGE_STANDARD = gnu11;
				GCC_NO_COMMON_BLOCKS = YES;
				GCC_WARN_64_TO_32_BIT_CONVERSION = YES;
				GCC_WARN_ABOUT_RETURN_TYPE = YES_ERROR;
				GCC_WARN_UNDECLARED_SELECTOR = YES;
				GCC_WARN_UNINITIALIZED_AUTOS = YES_AGGRESSIVE;
				GCC_WARN_UNUSED_FUNCTION = YES;
				GCC_WARN_UNUSED_VARIABLE = YES;
				IPHONEOS_DEPLOYMENT_TARGET = 16.0;
				MTL_ENABLE_DEBUG_INFO = NO;
				MTL_FAST_MATH = YES;
				SDKROOT = iphoneos;
				SWIFT_COMPILATION_MODE = wholemodule;
				SWIFT_OPTIMIZATION_LEVEL = "-O";
				VALIDATE_PRODUCT = YES;
			};
			name = Release;
		};
		CE39C1CE2961BBA800B551AF /* Debug */ = {
			isa = XCBuildConfiguration;
			buildSettings = {
				ASSETCATALOG_COMPILER_APPICON_NAME = AppIcon;
				ASSETCATALOG_COMPILER_GLOBAL_ACCENT_COLOR_NAME = AccentColor;
				CODE_SIGN_STYLE = Automatic;
				CURRENT_PROJECT_VERSION = 1;
				DEVELOPMENT_TEAM = M339Q78C2D;
				GENERATE_INFOPLIST_FILE = YES;
				INFOPLIST_FILE = RickAndMorty/Info.plist;
				INFOPLIST_KEY_UIApplicationSupportsIndirectInputEvents = YES;
				INFOPLIST_KEY_UILaunchStoryboardName = LaunchScreen;
				INFOPLIST_KEY_UISupportedInterfaceOrientations_iPad = "UIInterfaceOrientationPortrait UIInterfaceOrientationPortraitUpsideDown UIInterfaceOrientationLandscapeLeft UIInterfaceOrientationLandscapeRight";
				INFOPLIST_KEY_UISupportedInterfaceOrientations_iPhone = "UIInterfaceOrientationPortrait UIInterfaceOrientationLandscapeLeft UIInterfaceOrientationLandscapeRight";
				LD_RUNPATH_SEARCH_PATHS = (
					"$(inherited)",
					"@executable_path/Frameworks",
				);
				MARKETING_VERSION = 1.0;
				PRODUCT_BUNDLE_IDENTIFIER = edu.stanford.jonick.RickAndMorty;
				PRODUCT_NAME = "$(TARGET_NAME)";
				SWIFT_EMIT_LOC_STRINGS = YES;
				SWIFT_VERSION = 5.0;
				TARGETED_DEVICE_FAMILY = "1,2";
			};
			name = Debug;
		};
		CE39C1CF2961BBA800B551AF /* Release */ = {
			isa = XCBuildConfiguration;
			buildSettings = {
				ASSETCATALOG_COMPILER_APPICON_NAME = AppIcon;
				ASSETCATALOG_COMPILER_GLOBAL_ACCENT_COLOR_NAME = AccentColor;
				CODE_SIGN_STYLE = Automatic;
				CURRENT_PROJECT_VERSION = 1;
				DEVELOPMENT_TEAM = M339Q78C2D;
				GENERATE_INFOPLIST_FILE = YES;
				INFOPLIST_FILE = RickAndMorty/Info.plist;
				INFOPLIST_KEY_UIApplicationSupportsIndirectInputEvents = YES;
				INFOPLIST_KEY_UILaunchStoryboardName = LaunchScreen;
				INFOPLIST_KEY_UISupportedInterfaceOrientations_iPad = "UIInterfaceOrientationPortrait UIInterfaceOrientationPortraitUpsideDown UIInterfaceOrientationLandscapeLeft UIInterfaceOrientationLandscapeRight";
				INFOPLIST_KEY_UISupportedInterfaceOrientations_iPhone = "UIInterfaceOrientationPortrait UIInterfaceOrientationLandscapeLeft UIInterfaceOrientationLandscapeRight";
				LD_RUNPATH_SEARCH_PATHS = (
					"$(inherited)",
					"@executable_path/Frameworks",
				);
				MARKETING_VERSION = 1.0;
				PRODUCT_BUNDLE_IDENTIFIER = edu.stanford.jonick.RickAndMorty;
				PRODUCT_NAME = "$(TARGET_NAME)";
				SWIFT_EMIT_LOC_STRINGS = YES;
				SWIFT_VERSION = 5.0;
				TARGETED_DEVICE_FAMILY = "1,2";
			};
			name = Release;
		};
/* End XCBuildConfiguration section */

/* Begin XCConfigurationList section */
		CE39C1B42961BBA600B551AF /* Build configuration list for PBXProject "RickAndMorty" */ = {
			isa = XCConfigurationList;
			buildConfigurations = (
				CE39C1CB2961BBA800B551AF /* Debug */,
				CE39C1CC2961BBA800B551AF /* Release */,
			);
			defaultConfigurationIsVisible = 0;
			defaultConfigurationName = Release;
		};
		CE39C1CD2961BBA800B551AF /* Build configuration list for PBXNativeTarget "RickAndMorty" */ = {
			isa = XCConfigurationList;
			buildConfigurations = (
				CE39C1CE2961BBA800B551AF /* Debug */,
				CE39C1CF2961BBA800B551AF /* Release */,
			);
			defaultConfigurationIsVisible = 0;
			defaultConfigurationName = Release;
		};
/* End XCConfigurationList section */
	};
	rootObject = CE39C1B12961BBA600B551AF /* Project object */;
}
